
Microsoft Visual Studio Solution File, Format Version 12.00
# Visual Studio Version 17
VisualStudioVersion = 17.5.002.0
MinimumVisualStudioVersion = 10.0.40219.1
Project("{9A19103F-16F7-4668-BE54-9A1E7A4F7556}") = "UserManagementApp", "UserManagementApp.csproj", "{CE9D41AD-EC59-4AC4-9241-8D59684B9DF2}"
EndProject
Global
	GlobalSection(SolutionConfigurationPlatforms) = preSolution
		Debug|Any CPU = Debug|Any CPU
		Release|Any CPU = Release|Any CPU
	EndGlobalSection
	GlobalSection(ProjectConfigurationPlatforms) = postSolution
		{CE9D41AD-EC59-4AC4-9241-8D59684B9DF2}.Debug|Any CPU.ActiveCfg = Debug|Any CPU
		{CE9D41AD-EC59-4AC4-9241-8D59684B9DF2}.Debug|Any CPU.Build.0 = Debug|Any CPU
		{CE9D41AD-EC59-4AC4-9241-8D59684B9DF2}.Release|Any CPU.ActiveCfg = Release|Any CPU
		{CE9D41AD-EC59-4AC4-9241-8D59684B9DF2}.Release|Any CPU.Build.0 = Release|Any CPU
	EndGlobalSection
	GlobalSection(SolutionProperties) = preSolution
		HideSolutionNode = FALSE
	EndGlobalSection
	GlobalSection(ExtensibilityGlobals) = postSolution
		SolutionGuid = {4C8CFB81-4E52-495A-B9BF-AC31A402D04E}
	EndGlobalSection
EndGlobal
